
Microsoft Visual Studio Solution File, Format Version 11.00
# Visual Studio 2010
Project("{FAE04EC0-301F-11D3-BF4B-00C04F79EFBC}") = "Biko2.BikoKata_1.Core", "Biko2.BikoKata_1.Core\Biko2.BikoKata_1.Core.csproj", "{A266C7C9-FC11-4D4F-B74F-B9E2F0B63AEF}"
EndProject
Global
	GlobalSection(SolutionConfigurationPlatforms) = preSolution
		Debug|Any CPU = Debug|Any CPU
		Release|Any CPU = Release|Any CPU
	EndGlobalSection
	GlobalSection(ProjectConfigurationPlatforms) = postSolution
		{A266C7C9-FC11-4D4F-B74F-B9E2F0B63AEF}.Debug|Any CPU.ActiveCfg = Debug|Any CPU
		{A266C7C9-FC11-4D4F-B74F-B9E2F0B63AEF}.Debug|Any CPU.Build.0 = Debug|Any CPU
		{A266C7C9-FC11-4D4F-B74F-B9E2F0B63AEF}.Release|Any CPU.ActiveCfg = Release|Any CPU
		{A266C7C9-FC11-4D4F-B74F-B9E2F0B63AEF}.Release|Any CPU.Build.0 = Release|Any CPU
	EndGlobalSection
	GlobalSection(SolutionProperties) = preSolution
		HideSolutionNode = FALSE
	EndGlobalSection
EndGlobal
